
Microsoft Visual Studio Solution File, Format Version 12.00
# Visual Studio 15
VisualStudioVersion = 15.0.26430.13
MinimumVisualStudioVersion = 10.0.40219.1
Project("{FAE04EC0-301F-11D3-BF4B-00C04F79EFBC}") = "MathsGui", "MathsGui\MathsGui.csproj", "{458A9E6F-9E5C-42AC-90A9-696198F468D5}"
EndProject
Global
	GlobalSection(SolutionConfigurationPlatforms) = preSolution
		Debug|Any CPU = Debug|Any CPU
		Release|Any CPU = Release|Any CPU
	EndGlobalSection
	GlobalSection(ProjectConfigurationPlatforms) = postSolution
		{458A9E6F-9E5C-42AC-90A9-696198F468D5}.Debug|Any CPU.ActiveCfg = Debug|Any CPU
		{458A9E6F-9E5C-42AC-90A9-696198F468D5}.Debug|Any CPU.Build.0 = Debug|Any CPU
		{458A9E6F-9E5C-42AC-90A9-696198F468D5}.Release|Any CPU.ActiveCfg = Release|Any CPU
		{458A9E6F-9E5C-42AC-90A9-696198F468D5}.Release|Any CPU.Build.0 = Release|Any CPU
	EndGlobalSection
	GlobalSection(SolutionProperties) = preSolution
		HideSolutionNode = FALSE
	EndGlobalSection
EndGlobal
